{
  "name": "@fudiandong/trellis-android-tv",
  "version": "1.0.2",
  "lockfileVersion": 3,
  "requires": true,
  "packages": {
    "": {
      "name": "@fudiandong/trellis-android-tv",
      "version": "1.0.2",
      "license": "MIT",
      "dependencies": {
        "@fudiandong/trellis-android-tv": "github:fudiandong/trellis-android-tv#v1.0.2"
      }
    },
    "node_modules/@fudiandong/trellis-android-tv": {
      "version": "1.0.1",
      "resolved": "git+ssh://git@github.com/fudiandong/trellis-android-tv.git#7b2940011f4387b01a3dff543ea370fd4dbdc64c",
      "license": "MIT"
    }
  }
}
